// !$*UTF8*$!
{
	archiveVersion = 1;
	classes = {
	};
	objectVersion = 50;
	objects = {

/* Begin PBXBuildFile section */
		FA2C96112625A54400323F3D /* AppDelegate.swift in Sources */ = {isa = PBXBuildFile; fileRef = FA2C96102625A54400323F3D /* AppDelegate.swift */; };
		FA2C96132625A54400323F3D /* SceneDelegate.swift in Sources */ = {isa = PBXBuildFile; fileRef = FA2C96122625A54400323F3D /* SceneDelegate.swift */; };
		FA2C96182625A54400323F3D /* Main.storyboard in Resources */ = {isa = PBXBuildFile; fileRef = FA2C96162625A54400323F3D /* Main.storyboard */; };
		FA2C961A2625A54500323F3D /* Assets.xcassets in Resources */ = {isa = PBXBuildFile; fileRef = FA2C96192625A54500323F3D /* Assets.xcassets */; };
		FA2C961D2625A54500323F3D /* LaunchScreen.storyboard in Resources */ = {isa = PBXBuildFile; fileRef = FA2C961B2625A54500323F3D /* LaunchScreen.storyboard */; };
		FA2C962C26270E3B00323F3D /* LoginFormViewController.swift in Sources */ = {isa = PBXBuildFile; fileRef = FA2C962B26270E3B00323F3D /* LoginFormViewController.swift */; };
		FAE1AA2A262EBF43008F4515 /* Friend.swift in Sources */ = {isa = PBXBuildFile; fileRef = FAE1AA29262EBF43008F4515 /* Friend.swift */; };
		FAE1AA2E262EBF5A008F4515 /* Group.swift in Sources */ = {isa = PBXBuildFile; fileRef = FAE1AA2D262EBF5A008F4515 /* Group.swift */; };
		FAE1AA31262EBF7C008F4515 /* ListOfFriends.swift in Sources */ = {isa = PBXBuildFile; fileRef = FAE1AA30262EBF7C008F4515 /* ListOfFriends.swift */; };
		FAE1AA34262EBF8D008F4515 /* ListOfGroups.swift in Sources */ = {isa = PBXBuildFile; fileRef = FAE1AA33262EBF8D008F4515 /* ListOfGroups.swift */; };
		FAE1AA38262EC8CB008F4515 /* MyGroupsViewController.swift in Sources */ = {isa = PBXBuildFile; fileRef = FAE1AA37262EC8CB008F4515 /* MyGroupsViewController.swift */; };
		FAE1AA3C262EC8DB008F4515 /* AllGroupsViewController.swift in Sources */ = {isa = PBXBuildFile; fileRef = FAE1AA3B262EC8DB008F4515 /* AllGroupsViewController.swift */; };
		FAE1AA41262ECB5C008F4515 /* GroupCell.swift in Sources */ = {isa = PBXBuildFile; fileRef = FAE1AA3F262ECB5C008F4515 /* GroupCell.swift */; };
		FAE1AA42262ECB5C008F4515 /* GroupCell.xib in Resources */ = {isa = PBXBuildFile; fileRef = FAE1AA40262ECB5C008F4515 /* GroupCell.xib */; };
		FAE1AA4B262ED520008F4515 /* ClassName.swift in Sources */ = {isa = PBXBuildFile; fileRef = FAE1AA4A262ED520008F4515 /* ClassName.swift */; };
/* End PBXBuildFile section */

/* Begin PBXFileReference section */
		FA2C960D2625A54400323F3D /* VkApp.app */ = {isa = PBXFileReference; explicitFileType = wrapper.application; includeInIndex = 0; path = VkApp.app; sourceTree = BUILT_PRODUCTS_DIR; };
		FA2C96102625A54400323F3D /* AppDelegate.swift */ = {isa = PBXFileReference; lastKnownFileType = sourcecode.swift; path = AppDelegate.swift; sourceTree = "<group>"; };
		FA2C96122625A54400323F3D /* SceneDelegate.swift */ = {isa = PBXFileReference; lastKnownFileType = sourcecode.swift; path = SceneDelegate.swift; sourceTree = "<group>"; };
		FA2C96172625A54400323F3D /* Base */ = {isa = PBXFileReference; lastKnownFileType = file.storyboard; name = Base; path = Base.lproj/Main.storyboard; sourceTree = "<group>"; };
		FA2C96192625A54500323F3D /* Assets.xcassets */ = {isa = PBXFileReference; lastKnownFileType = folder.assetcatalog; path = Assets.xcassets; sourceTree = "<group>"; };
		FA2C961C2625A54500323F3D /* Base */ = {isa = PBXFileReference; lastKnownFileType = file.storyboard; name = Base; path = Base.lproj/LaunchScreen.storyboard; sourceTree = "<group>"; };
		FA2C961E2625A54500323F3D /* Info.plist */ = {isa = PBXFileReference; lastKnownFileType = text.plist.xml; path = Info.plist; sourceTree = "<group>"; };
		FA2C962B26270E3B00323F3D /* LoginFormViewController.swift */ = {isa = PBXFileReference; lastKnownFileType = sourcecode.swift; path = LoginFormViewController.swift; sourceTree = "<group>"; };
		FAE1AA29262EBF43008F4515 /* Friend.swift */ = {isa = PBXFileReference; lastKnownFileType = sourcecode.swift; path = Friend.swift; sourceTree = "<group>"; };
		FAE1AA2D262EBF5A008F4515 /* Group.swift */ = {isa = PBXFileReference; lastKnownFileType = sourcecode.swift; path = Group.swift; sourceTree = "<group>"; };
		FAE1AA30262EBF7C008F4515 /* ListOfFriends.swift */ = {isa = PBXFileReference; lastKnownFileType = sourcecode.swift; path = ListOfFriends.swift; sourceTree = "<group>"; };
		FAE1AA33262EBF8D008F4515 /* ListOfGroups.swift */ = {isa = PBXFileReference; lastKnownFileType = sourcecode.swift; path = ListOfGroups.swift; sourceTree = "<group>"; };
		FAE1AA37262EC8CB008F4515 /* MyGroupsViewController.swift */ = {isa = PBXFileReference; lastKnownFileType = sourcecode.swift; path = MyGroupsViewController.swift; sourceTree = "<group>"; };
		FAE1AA3B262EC8DB008F4515 /* AllGroupsViewController.swift */ = {isa = PBXFileReference; lastKnownFileType = sourcecode.swift; path = AllGroupsViewController.swift; sourceTree = "<group>"; };
		FAE1AA3F262ECB5C008F4515 /* GroupCell.swift */ = {isa = PBXFileReference; lastKnownFileType = sourcecode.swift; path = GroupCell.swift; sourceTree = "<group>"; };
		FAE1AA40262ECB5C008F4515 /* GroupCell.xib */ = {isa = PBXFileReference; lastKnownFileType = file.xib; path = GroupCell.xib; sourceTree = "<group>"; };
		FAE1AA4A262ED520008F4515 /* ClassName.swift */ = {isa = PBXFileReference; lastKnownFileType = sourcecode.swift; path = ClassName.swift; sourceTree = "<group>"; };
/* End PBXFileReference section */

/* Begin PBXFrameworksBuildPhase section */
		FA2C960A2625A54400323F3D /* Frameworks */ = {
			isa = PBXFrameworksBuildPhase;
			buildActionMask = 2147483647;
			files = (
			);
			runOnlyForDeploymentPostprocessing = 0;
		};
/* End PBXFrameworksBuildPhase section */

/* Begin PBXGroup section */
		FA2C96042625A54400323F3D = {
			isa = PBXGroup;
			children = (
				FA2C960F2625A54400323F3D /* VkApp */,
				FA2C960E2625A54400323F3D /* Products */,
			);
			sourceTree = "<group>";
		};
		FA2C960E2625A54400323F3D /* Products */ = {
			isa = PBXGroup;
			children = (
				FA2C960D2625A54400323F3D /* VkApp.app */,
			);
			name = Products;
			sourceTree = "<group>";
		};
		FA2C960F2625A54400323F3D /* VkApp */ = {
			isa = PBXGroup;
			children = (
				FAE1AA45262ED4AE008F4515 /* Software extensions */,
				FAE1AA28262EBF2F008F4515 /* Model */,
				FAE1AA36262EC84F008F4515 /* ViewControllers */,
				FAE1AA3E262ECB33008F4515 /* Cells */,
				FA2C96102625A54400323F3D /* AppDelegate.swift */,
				FA2C96122625A54400323F3D /* SceneDelegate.swift */,
				FA2C96162625A54400323F3D /* Main.storyboard */,
				FA2C96192625A54500323F3D /* Assets.xcassets */,
				FA2C961B2625A54500323F3D /* LaunchScreen.storyboard */,
				FA2C961E2625A54500323F3D /* Info.plist */,
			);
			path = VkApp;
			sourceTree = "<group>";
		};
		FAE1AA28262EBF2F008F4515 /* Model */ = {
			isa = PBXGroup;
			children = (
				FAE1AA29262EBF43008F4515 /* Friend.swift */,
				FAE1AA2D262EBF5A008F4515 /* Group.swift */,
				FAE1AA30262EBF7C008F4515 /* ListOfFriends.swift */,
				FAE1AA33262EBF8D008F4515 /* ListOfGroups.swift */,
			);
			path = Model;
			sourceTree = "<group>";
		};
		FAE1AA36262EC84F008F4515 /* ViewControllers */ = {
			isa = PBXGroup;
			children = (
				FA2C962B26270E3B00323F3D /* LoginFormViewController.swift */,
				FAE1AA37262EC8CB008F4515 /* MyGroupsViewController.swift */,
				FAE1AA3B262EC8DB008F4515 /* AllGroupsViewController.swift */,
			);
			path = ViewControllers;
			sourceTree = "<group>";
		};
		FAE1AA3E262ECB33008F4515 /* Cells */ = {
			isa = PBXGroup;
			children = (
				FAE1AA3F262ECB5C008F4515 /* GroupCell.swift */,
				FAE1AA40262ECB5C008F4515 /* GroupCell.xib */,
			);
			path = Cells;
			sourceTree = "<group>";
		};
		FAE1AA45262ED4AE008F4515 /* Software extensions */ = {
			isa = PBXGroup;
			children = (
				FAE1AA4A262ED520008F4515 /* ClassName.swift */,
			);
			path = "Software extensions";
			sourceTree = "<group>";
		};
/* End PBXGroup section */

/* Begin PBXNativeTarget section */
		FA2C960C2625A54400323F3D /* VkApp */ = {
			isa = PBXNativeTarget;
			buildConfigurationList = FA2C96212625A54500323F3D /* Build configuration list for PBXNativeTarget "VkApp" */;
			buildPhases = (
				FA2C96092625A54400323F3D /* Sources */,
				FA2C960A2625A54400323F3D /* Frameworks */,
				FA2C960B2625A54400323F3D /* Resources */,
			);
			buildRules = (
			);
			dependencies = (
			);
			name = VkApp;
			productName = VkApp;
			productReference = FA2C960D2625A54400323F3D /* VkApp.app */;
			productType = "com.apple.product-type.application";
		};
/* End PBXNativeTarget section */

/* Begin PBXProject section */
		FA2C96052625A54400323F3D /* Project object */ = {
			isa = PBXProject;
			attributes = {
				LastSwiftUpdateCheck = 1240;
				LastUpgradeCheck = 1240;
				TargetAttributes = {
					FA2C960C2625A54400323F3D = {
						CreatedOnToolsVersion = 12.4;
					};
				};
			};
			buildConfigurationList = FA2C96082625A54400323F3D /* Build configuration list for PBXProject "VkApp" */;
			compatibilityVersion = "Xcode 9.3";
			developmentRegion = en;
			hasScannedForEncodings = 0;
			knownRegions = (
				en,
				Base,
			);
			mainGroup = FA2C96042625A54400323F3D;
			productRefGroup = FA2C960E2625A54400323F3D /* Products */;
			projectDirPath = "";
			projectRoot = "";
			targets = (
				FA2C960C2625A54400323F3D /* VkApp */,
			);
		};
/* End PBXProject section */

/* Begin PBXResourcesBuildPhase section */
		FA2C960B2625A54400323F3D /* Resources */ = {
			isa = PBXResourcesBuildPhase;
			buildActionMask = 2147483647;
			files = (
				FA2C961D2625A54500323F3D /* LaunchScreen.storyboard in Resources */,
				FA2C961A2625A54500323F3D /* Assets.xcassets in Resources */,
				FA2C96182625A54400323F3D /* Main.storyboard in Resources */,
				FAE1AA42262ECB5C008F4515 /* GroupCell.xib in Resources */,
			);
			runOnlyForDeploymentPostprocessing = 0;
		};
/* End PBXResourcesBuildPhase section */

/* Begin PBXSourcesBuildPhase section */
		FA2C96092625A54400323F3D /* Sources */ = {
			isa = PBXSourcesBuildPhase;
			buildActionMask = 2147483647;
			files = (
				FA2C962C26270E3B00323F3D /* LoginFormViewController.swift in Sources */,
				FAE1AA34262EBF8D008F4515 /* ListOfGroups.swift in Sources */,
				FA2C96112625A54400323F3D /* AppDelegate.swift in Sources */,
				FA2C96132625A54400323F3D /* SceneDelegate.swift in Sources */,
				FAE1AA3C262EC8DB008F4515 /* AllGroupsViewController.swift in Sources */,
				FAE1AA41262ECB5C008F4515 /* GroupCell.swift in Sources */,
				FAE1AA38262EC8CB008F4515 /* MyGroupsViewController.swift in Sources */,
				FAE1AA2E262EBF5A008F4515 /* Group.swift in Sources */,
				FAE1AA4B262ED520008F4515 /* ClassName.swift in Sources */,
				FAE1AA31262EBF7C008F4515 /* ListOfFriends.swift in Sources */,
				FAE1AA2A262EBF43008F4515 /* Friend.swift in Sources */,
			);
			runOnlyForDeploymentPostprocessing = 0;
		};
/* End PBXSourcesBuildPhase section */

/* Begin PBXVariantGroup section */
		FA2C96162625A54400323F3D /* Main.storyboard */ = {
			isa = PBXVariantGroup;
			children = (
				FA2C96172625A54400323F3D /* Base */,
			);
			name = Main.storyboard;
			sourceTree = "<group>";
		};
		FA2C961B2625A54500323F3D /* LaunchScreen.storyboard */ = {
			isa = PBXVariantGroup;
			children = (
				FA2C961C2625A54500323F3D /* Base */,
			);
			name = LaunchScreen.storyboard;
			sourceTree = "<group>";
		};
/* End PBXVariantGroup section */

/* Begin XCBuildConfiguration section */
		FA2C961F2625A54500323F3D /* Debug */ = {
			isa = XCBuildConfiguration;
			buildSettings = {
				ALWAYS_SEARCH_USER_PATHS = NO;
				CLANG_ANALYZER_NONNULL = YES;
				CLANG_ANALYZER_NUMBER_OBJECT_CONVERSION = YES_AGGRESSIVE;
				CLANG_CXX_LANGUAGE_STANDARD = "gnu++14";
				CLANG_CXX_LIBRARY = "libc++";
				CLANG_ENABLE_MODULES = YES;
				CLANG_ENABLE_OBJC_ARC = YES;
				CLANG_ENABLE_OBJC_WEAK = YES;
				CLANG_WARN_BLOCK_CAPTURE_AUTORELEASING = YES;
				CLANG_WARN_BOOL_CONVERSION = YES;
				CLANG_WARN_COMMA = YES;
				CLANG_WARN_CONSTANT_CONVERSION = YES;
				CLANG_WARN_DEPRECATED_OBJC_IMPLEMENTATIONS = YES;
				CLANG_WARN_DIRECT_OBJC_ISA_USAGE = YES_ERROR;
				CLANG_WARN_DOCUMENTATION_COMMENTS = YES;
				CLANG_WARN_EMPTY_BODY = YES;
				CLANG_WARN_ENUM_CONVERSION = YES;
				CLANG_WARN_INFINITE_RECURSION = YES;
				CLANG_WARN_INT_CONVERSION = YES;
				CLANG_WARN_NON_LITERAL_NULL_CONVERSION = YES;
				CLANG_WARN_OBJC_IMPLICIT_RETAIN_SELF = YES;
				CLANG_WARN_OBJC_LITERAL_CONVERSION = YES;
				CLANG_WARN_OBJC_ROOT_CLASS = YES_ERROR;
				CLANG_WARN_QUOTED_INCLUDE_IN_FRAMEWORK_HEADER = YES;
				CLANG_WARN_RANGE_LOOP_ANALYSIS = YES;
				CLANG_WARN_STRICT_PROTOTYPES = YES;
				CLANG_WARN_SUSPICIOUS_MOVE = YES;
				CLANG_WARN_UNGUARDED_AVAILABILITY = YES_AGGRESSIVE;
				CLANG_WARN_UNREACHABLE_CODE = YES;
				CLANG_WARN__DUPLICATE_METHOD_MATCH = YES;
				COPY_PHASE_STRIP = NO;
				DEBUG_INFORMATION_FORMAT = dwarf;
				ENABLE_STRICT_OBJC_MSGSEND = YES;
				ENABLE_TESTABILITY = YES;
				GCC_C_LANGUAGE_STANDARD = gnu11;
				GCC_DYNAMIC_NO_PIC = NO;
				GCC_NO_COMMON_BLOCKS = YES;
				GCC_OPTIMIZATION_LEVEL = 0;
				GCC_PREPROCESSOR_DEFINITIONS = (
					"DEBUG=1",
					"$(inherited)",
				);
				GCC_WARN_64_TO_32_BIT_CONVERSION = YES;
				GCC_WARN_ABOUT_RETURN_TYPE = YES_ERROR;
				GCC_WARN_UNDECLARED_SELECTOR = YES;
				GCC_WARN_UNINITIALIZED_AUTOS = YES_AGGRESSIVE;
				GCC_WARN_UNUSED_FUNCTION = YES;
				GCC_WARN_UNUSED_VARIABLE = YES;
				IPHONEOS_DEPLOYMENT_TARGET = 14.4;
				MTL_ENABLE_DEBUG_INFO = INCLUDE_SOURCE;
				MTL_FAST_MATH = YES;
				ONLY_ACTIVE_ARCH = YES;
				SDKROOT = iphoneos;
				SWIFT_ACTIVE_COMPILATION_CONDITIONS = DEBUG;
				SWIFT_OPTIMIZATION_LEVEL = "-Onone";
			};
			name = Debug;
		};
		FA2C96202625A54500323F3D /* Release */ = {
			isa = XCBuildConfiguration;
			buildSettings = {
				ALWAYS_SEARCH_USER_PATHS = NO;
				CLANG_ANALYZER_NONNULL = YES;
				CLANG_ANALYZER_NUMBER_OBJECT_CONVERSION = YES_AGGRESSIVE;
				CLANG_CXX_LANGUAGE_STANDARD = "gnu++14";
				CLANG_CXX_LIBRARY = "libc++";
				CLANG_ENABLE_MODULES = YES;
				CLANG_ENABLE_OBJC_ARC = YES;
				CLANG_ENABLE_OBJC_WEAK = YES;
				CLANG_WARN_BLOCK_CAPTURE_AUTORELEASING = YES;
				CLANG_WARN_BOOL_CONVERSION = YES;
				CLANG_WARN_COMMA = YES;
				CLANG_WARN_CONSTANT_CONVERSION = YES;
				CLANG_WARN_DEPRECATED_OBJC_IMPLEMENTATIONS = YES;
				CLANG_WARN_DIRECT_OBJC_ISA_USAGE = YES_ERROR;
				CLANG_WARN_DOCUMENTATION_COMMENTS = YES;
				CLANG_WARN_EMPTY_BODY = YES;
				CLANG_WARN_ENUM_CONVERSION = YES;
				CLANG_WARN_INFINITE_RECURSION = YES;
				CLANG_WARN_INT_CONVERSION = YES;
				CLANG_WARN_NON_LITERAL_NULL_CONVERSION = YES;
				CLANG_WARN_OBJC_IMPLICIT_RETAIN_SELF = YES;
				CLANG_WARN_OBJC_LITERAL_CONVERSION = YES;
				CLANG_WARN_OBJC_ROOT_CLASS = YES_ERROR;
				CLANG_WARN_QUOTED_INCLUDE_IN_FRAMEWORK_HEADER = YES;
				CLANG_WARN_RANGE_LOOP_ANALYSIS = YES;
				CLANG_WARN_STRICT_PROTOTYPES = YES;
				CLANG_WARN_SUSPICIOUS_MOVE = YES;
				CLANG_WARN_UNGUARDED_AVAILABILITY = YES_AGGRESSIVE;
				CLANG_WARN_UNREACHABLE_CODE = YES;
				CLANG_WARN__DUPLICATE_METHOD_MATCH = YES;
				COPY_PHASE_STRIP = NO;
				DEBUG_INFORMATION_FORMAT = "dwarf-with-dsym";
				ENABLE_NS_ASSERTIONS = NO;
				ENABLE_STRICT_OBJC_MSGSEND = YES;
				GCC_C_LANGUAGE_STANDARD = gnu11;
				GCC_NO_COMMON_BLOCKS = YES;
				GCC_WARN_64_TO_32_BIT_CONVERSION = YES;
				GCC_WARN_ABOUT_RETURN_TYPE = YES_ERROR;
				GCC_WARN_UNDECLARED_SELECTOR = YES;
				GCC_WARN_UNINITIALIZED_AUTOS = YES_AGGRESSIVE;
				GCC_WARN_UNUSED_FUNCTION = YES;
				GCC_WARN_UNUSED_VARIABLE = YES;
				IPHONEOS_DEPLOYMENT_TARGET = 14.4;
				MTL_ENABLE_DEBUG_INFO = NO;
				MTL_FAST_MATH = YES;
				SDKROOT = iphoneos;
				SWIFT_COMPILATION_MODE = wholemodule;
				SWIFT_OPTIMIZATION_LEVEL = "-O";
				VALIDATE_PRODUCT = YES;
			};
			name = Release;
		};
		FA2C96222625A54500323F3D /* Debug */ = {
			isa = XCBuildConfiguration;
			buildSettings = {
				ASSETCATALOG_COMPILER_APPICON_NAME = AppIcon;
				ASSETCATALOG_COMPILER_GLOBAL_ACCENT_COLOR_NAME = AccentColor;
				CODE_SIGN_STYLE = Automatic;
				DEVELOPMENT_TEAM = 6APKY4F352;
				INFOPLIST_FILE = VkApp/Info.plist;
				LD_RUNPATH_SEARCH_PATHS = (
					"$(inherited)",
					"@executable_path/Frameworks",
				);
				PRODUCT_BUNDLE_IDENTIFIER = AK.VkApp;
				PRODUCT_NAME = "$(TARGET_NAME)";
				SWIFT_VERSION = 5.0;
				TARGETED_DEVICE_FAMILY = "1,2";
			};
			name = Debug;
		};
		FA2C96232625A54500323F3D /* Release */ = {
			isa = XCBuildConfiguration;
			buildSettings = {
				ASSETCATALOG_COMPILER_APPICON_NAME = AppIcon;
				ASSETCATALOG_COMPILER_GLOBAL_ACCENT_COLOR_NAME = AccentColor;
				CODE_SIGN_STYLE = Automatic;
				DEVELOPMENT_TEAM = 6APKY4F352;
				INFOPLIST_FILE = VkApp/Info.plist;
				LD_RUNPATH_SEARCH_PATHS = (
					"$(inherited)",
					"@executable_path/Frameworks",
				);
				PRODUCT_BUNDLE_IDENTIFIER = AK.VkApp;
				PRODUCT_NAME = "$(TARGET_NAME)";
				SWIFT_VERSION = 5.0;
				TARGETED_DEVICE_FAMILY = "1,2";
			};
			name = Release;
		};
/* End XCBuildConfiguration section */

/* Begin XCConfigurationList section */
		FA2C96082625A54400323F3D /* Build configuration list for PBXProject "VkApp" */ = {
			isa = XCConfigurationList;
			buildConfigurations = (
				FA2C961F2625A54500323F3D /* Debug */,
				FA2C96202625A54500323F3D /* Release */,
			);
			defaultConfigurationIsVisible = 0;
			defaultConfigurationName = Release;
		};
		FA2C96212625A54500323F3D /* Build configuration list for PBXNativeTarget "VkApp" */ = {
			isa = XCConfigurationList;
			buildConfigurations = (
				FA2C96222625A54500323F3D /* Debug */,
				FA2C96232625A54500323F3D /* Release */,
			);
			defaultConfigurationIsVisible = 0;
			defaultConfigurationName = Release;
		};
/* End XCConfigurationList section */
	};
	rootObject = FA2C96052625A54400323F3D /* Project object */;
}
